<Solution>
  <Folder Name="/examples/">
    <Project Path="examples/QuickStart/QuickStart.csproj" />
  </Folder>
  <Folder Name="/src/">
    <Project Path="src/AgentScope.Core/AgentScope.Core.csproj" />
    <Project Path="src/AgentScope.TUI/AgentScope.TUI.csproj" />
  </Folder>
  <Folder Name="/tests/">
    <Project Path="tests/AgentScope.Core.Tests/AgentScope.Core.Tests.csproj" />
    <Project Path="tests/AgentScope.Integration.Tests/AgentScope.Integration.Tests.csproj" />
  </Folder>
</Solution>
